
Microsoft Visual Studio Solution File, Format Version 12.00
# Visual Studio Version 16
VisualStudioVersion = 16.0.31321.278
MinimumVisualStudioVersion = 10.0.40219.1
Project("{FAE04EC0-301F-11D3-BF4B-00C04F79EFBC}") = "AppDoge", "AppDoge\AppDoge.csproj", "{07CF34C1-666A-4F08-A4BA-DA3206AE67E9}"
EndProject
Project("{FAE04EC0-301F-11D3-BF4B-00C04F79EFBC}") = "UtileriaDLL", "UtileriaDLL\UtileriaDLL.csproj", "{AD5BA846-5E2C-4CE5-8F76-20F7E8526E18}"
EndProject
Global
	GlobalSection(SolutionConfigurationPlatforms) = preSolution
		Debug|Any CPU = Debug|Any CPU
		Release|Any CPU = Release|Any CPU
	EndGlobalSection
	GlobalSection(ProjectConfigurationPlatforms) = postSolution
		{07CF34C1-666A-4F08-A4BA-DA3206AE67E9}.Debug|Any CPU.ActiveCfg = Debug|Any CPU
		{07CF34C1-666A-4F08-A4BA-DA3206AE67E9}.Debug|Any CPU.Build.0 = Debug|Any CPU
		{07CF34C1-666A-4F08-A4BA-DA3206AE67E9}.Release|Any CPU.ActiveCfg = Release|Any CPU
		{07CF34C1-666A-4F08-A4BA-DA3206AE67E9}.Release|Any CPU.Build.0 = Release|Any CPU
		{AD5BA846-5E2C-4CE5-8F76-20F7E8526E18}.Debug|Any CPU.ActiveCfg = Debug|Any CPU
		{AD5BA846-5E2C-4CE5-8F76-20F7E8526E18}.Debug|Any CPU.Build.0 = Debug|Any CPU
		{AD5BA846-5E2C-4CE5-8F76-20F7E8526E18}.Release|Any CPU.ActiveCfg = Release|Any CPU
		{AD5BA846-5E2C-4CE5-8F76-20F7E8526E18}.Release|Any CPU.Build.0 = Release|Any CPU
	EndGlobalSection
	GlobalSection(SolutionProperties) = preSolution
		HideSolutionNode = FALSE
	EndGlobalSection
	GlobalSection(ExtensibilityGlobals) = postSolution
		SolutionGuid = {B63528F9-A09E-4109-92A6-230B3A4B37E0}
	EndGlobalSection
EndGlobal
